
Microsoft Visual Studio Solution File, Format Version 12.00
# Visual Studio Version 16
VisualStudioVersion = 16.0.29709.97
MinimumVisualStudioVersion = 10.0.40219.1
Project("{FAE04EC0-301F-11D3-BF4B-00C04F79EFBC}") = "testingSpelInConsole", "testingSpelInConsole.csproj", "{A0670A7F-6E8F-4EF6-8A08-54C33AC6167B}"
EndProject
Global
	GlobalSection(SolutionConfigurationPlatforms) = preSolution
		Debug|Any CPU = Debug|Any CPU
		Release|Any CPU = Release|Any CPU
	EndGlobalSection
	GlobalSection(ProjectConfigurationPlatforms) = postSolution
		{A0670A7F-6E8F-4EF6-8A08-54C33AC6167B}.Debug|Any CPU.ActiveCfg = Debug|Any CPU
		{A0670A7F-6E8F-4EF6-8A08-54C33AC6167B}.Debug|Any CPU.Build.0 = Debug|Any CPU
		{A0670A7F-6E8F-4EF6-8A08-54C33AC6167B}.Release|Any CPU.ActiveCfg = Release|Any CPU
		{A0670A7F-6E8F-4EF6-8A08-54C33AC6167B}.Release|Any CPU.Build.0 = Release|Any CPU
	EndGlobalSection
	GlobalSection(SolutionProperties) = preSolution
		HideSolutionNode = FALSE
	EndGlobalSection
	GlobalSection(ExtensibilityGlobals) = postSolution
		SolutionGuid = {A06444B8-89BB-4645-AA3F-9A41FEEF2A2E}
	EndGlobalSection
EndGlobal
